// !$*UTF8*$!
{
	archiveVersion = 1;
	classes = {
	};
	objectVersion = 50;
	objects = {

/* Begin PBXBuildFile section */
		2431B9D626B80EF800EB3F4A /* ScrumdingerApp.swift in Sources */ = {isa = PBXBuildFile; fileRef = 2431B9D526B80EF800EB3F4A /* ScrumdingerApp.swift */; };
		2431B9D826B80EF800EB3F4A /* MeetingView.swift in Sources */ = {isa = PBXBuildFile; fileRef = 2431B9D726B80EF800EB3F4A /* MeetingView.swift */; };
		2431B9DA26B80EFB00EB3F4A /* Assets.xcassets in Resources */ = {isa = PBXBuildFile; fileRef = 2431B9D926B80EFB00EB3F4A /* Assets.xcassets */; };
		2431B9DD26B80EFB00EB3F4A /* Preview Assets.xcassets in Resources */ = {isa = PBXBuildFile; fileRef = 2431B9DC26B80EFB00EB3F4A /* Preview Assets.xcassets */; };
		244BB10D26B8E06100F67C35 /* ScrumsView.swift in Sources */ = {isa = PBXBuildFile; fileRef = 244BB10C26B8E06100F67C35 /* ScrumsView.swift */; };
		244BB10F26B8F48800F67C35 /* DetailView.swift in Sources */ = {isa = PBXBuildFile; fileRef = 244BB10E26B8F48800F67C35 /* DetailView.swift */; };
		244BB11126B91AB600F67C35 /* EditView.swift in Sources */ = {isa = PBXBuildFile; fileRef = 244BB11026B91AB600F67C35 /* EditView.swift */; };
		24EF64A826B84E6100038A29 /* DailyScrum.swift in Sources */ = {isa = PBXBuildFile; fileRef = 24EF64A726B84E6100038A29 /* DailyScrum.swift */; };
		24EF64AA26B851A400038A29 /* CardView.swift in Sources */ = {isa = PBXBuildFile; fileRef = 24EF64A926B851A400038A29 /* CardView.swift */; };
/* End PBXBuildFile section */

/* Begin PBXFileReference section */
		2431B9D226B80EF800EB3F4A /* Scrumdinger.app */ = {isa = PBXFileReference; explicitFileType = wrapper.application; includeInIndex = 0; path = Scrumdinger.app; sourceTree = BUILT_PRODUCTS_DIR; };
		2431B9D526B80EF800EB3F4A /* ScrumdingerApp.swift */ = {isa = PBXFileReference; lastKnownFileType = sourcecode.swift; path = ScrumdingerApp.swift; sourceTree = "<group>"; };
		2431B9D726B80EF800EB3F4A /* MeetingView.swift */ = {isa = PBXFileReference; lastKnownFileType = sourcecode.swift; path = MeetingView.swift; sourceTree = "<group>"; };
		2431B9D926B80EFB00EB3F4A /* Assets.xcassets */ = {isa = PBXFileReference; lastKnownFileType = folder.assetcatalog; path = Assets.xcassets; sourceTree = "<group>"; };
		2431B9DC26B80EFB00EB3F4A /* Preview Assets.xcassets */ = {isa = PBXFileReference; lastKnownFileType = folder.assetcatalog; path = "Preview Assets.xcassets"; sourceTree = "<group>"; };
		2431B9DE26B80EFB00EB3F4A /* Info.plist */ = {isa = PBXFileReference; lastKnownFileType = text.plist.xml; path = Info.plist; sourceTree = "<group>"; };
		244BB10C26B8E06100F67C35 /* ScrumsView.swift */ = {isa = PBXFileReference; lastKnownFileType = sourcecode.swift; path = ScrumsView.swift; sourceTree = "<group>"; };
		244BB10E26B8F48800F67C35 /* DetailView.swift */ = {isa = PBXFileReference; lastKnownFileType = sourcecode.swift; path = DetailView.swift; sourceTree = "<group>"; };
		244BB11026B91AB600F67C35 /* EditView.swift */ = {isa = PBXFileReference; lastKnownFileType = sourcecode.swift; path = EditView.swift; sourceTree = "<group>"; };
		24EF64A726B84E6100038A29 /* DailyScrum.swift */ = {isa = PBXFileReference; lastKnownFileType = sourcecode.swift; path = DailyScrum.swift; sourceTree = "<group>"; };
		24EF64A926B851A400038A29 /* CardView.swift */ = {isa = PBXFileReference; lastKnownFileType = sourcecode.swift; path = CardView.swift; sourceTree = "<group>"; };
/* End PBXFileReference section */

/* Begin PBXFrameworksBuildPhase section */
		2431B9CF26B80EF800EB3F4A /* Frameworks */ = {
			isa = PBXFrameworksBuildPhase;
			buildActionMask = 2147483647;
			files = (
			);
			runOnlyForDeploymentPostprocessing = 0;
		};
/* End PBXFrameworksBuildPhase section */

/* Begin PBXGroup section */
		2431B9C926B80EF800EB3F4A = {
			isa = PBXGroup;
			children = (
				2431B9D426B80EF800EB3F4A /* Scrumdinger */,
				2431B9D326B80EF800EB3F4A /* Products */,
			);
			sourceTree = "<group>";
		};
		2431B9D326B80EF800EB3F4A /* Products */ = {
			isa = PBXGroup;
			children = (
				2431B9D226B80EF800EB3F4A /* Scrumdinger.app */,
			);
			name = Products;
			sourceTree = "<group>";
		};
		2431B9D426B80EF800EB3F4A /* Scrumdinger */ = {
			isa = PBXGroup;
			children = (
				24EF64A626B84E3300038A29 /* Models */,
				2431B9D526B80EF800EB3F4A /* ScrumdingerApp.swift */,
				244BB11026B91AB600F67C35 /* EditView.swift */,
				24EF64A926B851A400038A29 /* CardView.swift */,
				244BB10C26B8E06100F67C35 /* ScrumsView.swift */,
				244BB10E26B8F48800F67C35 /* DetailView.swift */,
				2431B9D726B80EF800EB3F4A /* MeetingView.swift */,
				2431B9D926B80EFB00EB3F4A /* Assets.xcassets */,
				2431B9DE26B80EFB00EB3F4A /* Info.plist */,
				2431B9DB26B80EFB00EB3F4A /* Preview Content */,
			);
			path = Scrumdinger;
			sourceTree = "<group>";
		};
		2431B9DB26B80EFB00EB3F4A /* Preview Content */ = {
			isa = PBXGroup;
			children = (
				2431B9DC26B80EFB00EB3F4A /* Preview Assets.xcassets */,
			);
			path = "Preview Content";
			sourceTree = "<group>";
		};
		24EF64A626B84E3300038A29 /* Models */ = {
			isa = PBXGroup;
			children = (
				24EF64A726B84E6100038A29 /* DailyScrum.swift */,
			);
			path = Models;
			sourceTree = "<group>";
		};
/* End PBXGroup section */

/* Begin PBXNativeTarget section */
		2431B9D126B80EF800EB3F4A /* Scrumdinger */ = {
			isa = PBXNativeTarget;
			buildConfigurationList = 2431B9E126B80EFB00EB3F4A /* Build configuration list for PBXNativeTarget "Scrumdinger" */;
			buildPhases = (
				2431B9CE26B80EF800EB3F4A /* Sources */,
				2431B9CF26B80EF800EB3F4A /* Frameworks */,
				2431B9D026B80EF800EB3F4A /* Resources */,
			);
			buildRules = (
			);
			dependencies = (
			);
			name = Scrumdinger;
			productName = Scrumdinger;
			productReference = 2431B9D226B80EF800EB3F4A /* Scrumdinger.app */;
			productType = "com.apple.product-type.application";
		};
/* End PBXNativeTarget section */

/* Begin PBXProject section */
		2431B9CA26B80EF800EB3F4A /* Project object */ = {
			isa = PBXProject;
			attributes = {
				LastSwiftUpdateCheck = 1250;
				LastUpgradeCheck = 1250;
				TargetAttributes = {
					2431B9D126B80EF800EB3F4A = {
						CreatedOnToolsVersion = 12.5;
					};
				};
			};
			buildConfigurationList = 2431B9CD26B80EF800EB3F4A /* Build configuration list for PBXProject "Scrumdinger" */;
			compatibilityVersion = "Xcode 9.3";
			developmentRegion = en;
			hasScannedForEncodings = 0;
			knownRegions = (
				en,
				Base,
			);
			mainGroup = 2431B9C926B80EF800EB3F4A;
			productRefGroup = 2431B9D326B80EF800EB3F4A /* Products */;
			projectDirPath = "";
			projectRoot = "";
			targets = (
				2431B9D126B80EF800EB3F4A /* Scrumdinger */,
			);
		};
/* End PBXProject section */

/* Begin PBXResourcesBuildPhase section */
		2431B9D026B80EF800EB3F4A /* Resources */ = {
			isa = PBXResourcesBuildPhase;
			buildActionMask = 2147483647;
			files = (
				2431B9DD26B80EFB00EB3F4A /* Preview Assets.xcassets in Resources */,
				2431B9DA26B80EFB00EB3F4A /* Assets.xcassets in Resources */,
			);
			runOnlyForDeploymentPostprocessing = 0;
		};
/* End PBXResourcesBuildPhase section */

/* Begin PBXSourcesBuildPhase section */
		2431B9CE26B80EF800EB3F4A /* Sources */ = {
			isa = PBXSourcesBuildPhase;
			buildActionMask = 2147483647;
			files = (
				2431B9D826B80EF800EB3F4A /* MeetingView.swift in Sources */,
				244BB10F26B8F48800F67C35 /* DetailView.swift in Sources */,
				24EF64A826B84E6100038A29 /* DailyScrum.swift in Sources */,
				24EF64AA26B851A400038A29 /* CardView.swift in Sources */,
				244BB11126B91AB600F67C35 /* EditView.swift in Sources */,
				244BB10D26B8E06100F67C35 /* ScrumsView.swift in Sources */,
				2431B9D626B80EF800EB3F4A /* ScrumdingerApp.swift in Sources */,
			);
			runOnlyForDeploymentPostprocessing = 0;
		};
/* End PBXSourcesBuildPhase section */

/* Begin XCBuildConfiguration section */
		2431B9DF26B80EFB00EB3F4A /* Debug */ = {
			isa = XCBuildConfiguration;
			buildSettings = {
				ALWAYS_SEARCH_USER_PATHS = NO;
				CLANG_ANALYZER_NONNULL = YES;
				CLANG_ANALYZER_NUMBER_OBJECT_CONVERSION = YES_AGGRESSIVE;
				CLANG_CXX_LANGUAGE_STANDARD = "gnu++14";
				CLANG_CXX_LIBRARY = "libc++";
				CLANG_ENABLE_MODULES = YES;
				CLANG_ENABLE_OBJC_ARC = YES;
				CLANG_ENABLE_OBJC_WEAK = YES;
				CLANG_WARN_BLOCK_CAPTURE_AUTORELEASING = YES;
				CLANG_WARN_BOOL_CONVERSION = YES;
				CLANG_WARN_COMMA = YES;
				CLANG_WARN_CONSTANT_CONVERSION = YES;
				CLANG_WARN_DEPRECATED_OBJC_IMPLEMENTATIONS = YES;
				CLANG_WARN_DIRECT_OBJC_ISA_USAGE = YES_ERROR;
				CLANG_WARN_DOCUMENTATION_COMMENTS = YES;
				CLANG_WARN_EMPTY_BODY = YES;
				CLANG_WARN_ENUM_CONVERSION = YES;
				CLANG_WARN_INFINITE_RECURSION = YES;
				CLANG_WARN_INT_CONVERSION = YES;
				CLANG_WARN_NON_LITERAL_NULL_CONVERSION = YES;
				CLANG_WARN_OBJC_IMPLICIT_RETAIN_SELF = YES;
				CLANG_WARN_OBJC_LITERAL_CONVERSION = YES;
				CLANG_WARN_OBJC_ROOT_CLASS = YES_ERROR;
				CLANG_WARN_QUOTED_INCLUDE_IN_FRAMEWORK_HEADER = YES;
				CLANG_WARN_RANGE_LOOP_ANALYSIS = YES;
				CLANG_WARN_STRICT_PROTOTYPES = YES;
				CLANG_WARN_SUSPICIOUS_MOVE = YES;
				CLANG_WARN_UNGUARDED_AVAILABILITY = YES_AGGRESSIVE;
				CLANG_WARN_UNREACHABLE_CODE = YES;
				CLANG_WARN__DUPLICATE_METHOD_MATCH = YES;
				COPY_PHASE_STRIP = NO;
				DEBUG_INFORMATION_FORMAT = dwarf;
				ENABLE_STRICT_OBJC_MSGSEND = YES;
				ENABLE_TESTABILITY = YES;
				GCC_C_LANGUAGE_STANDARD = gnu11;
				GCC_DYNAMIC_NO_PIC = NO;
				GCC_NO_COMMON_BLOCKS = YES;
				GCC_OPTIMIZATION_LEVEL = 0;
				GCC_PREPROCESSOR_DEFINITIONS = (
					"DEBUG=1",
					"$(inherited)",
				);
				GCC_WARN_64_TO_32_BIT_CONVERSION = YES;
				GCC_WARN_ABOUT_RETURN_TYPE = YES_ERROR;
				GCC_WARN_UNDECLARED_SELECTOR = YES;
				GCC_WARN_UNINITIALIZED_AUTOS = YES_AGGRESSIVE;
				GCC_WARN_UNUSED_FUNCTION = YES;
				GCC_WARN_UNUSED_VARIABLE = YES;
				IPHONEOS_DEPLOYMENT_TARGET = 14.5;
				MTL_ENABLE_DEBUG_INFO = INCLUDE_SOURCE;
				MTL_FAST_MATH = YES;
				ONLY_ACTIVE_ARCH = YES;
				SDKROOT = iphoneos;
				SWIFT_ACTIVE_COMPILATION_CONDITIONS = DEBUG;
				SWIFT_OPTIMIZATION_LEVEL = "-Onone";
			};
			name = Debug;
		};
		2431B9E026B80EFB00EB3F4A /* Release */ = {
			isa = XCBuildConfiguration;
			buildSettings = {
				ALWAYS_SEARCH_USER_PATHS = NO;
				CLANG_ANALYZER_NONNULL = YES;
				CLANG_ANALYZER_NUMBER_OBJECT_CONVERSION = YES_AGGRESSIVE;
				CLANG_CXX_LANGUAGE_STANDARD = "gnu++14";
				CLANG_CXX_LIBRARY = "libc++";
				CLANG_ENABLE_MODULES = YES;
				CLANG_ENABLE_OBJC_ARC = YES;
				CLANG_ENABLE_OBJC_WEAK = YES;
				CLANG_WARN_BLOCK_CAPTURE_AUTORELEASING = YES;
				CLANG_WARN_BOOL_CONVERSION = YES;
				CLANG_WARN_COMMA = YES;
				CLANG_WARN_CONSTANT_CONVERSION = YES;
				CLANG_WARN_DEPRECATED_OBJC_IMPLEMENTATIONS = YES;
				CLANG_WARN_DIRECT_OBJC_ISA_USAGE = YES_ERROR;
				CLANG_WARN_DOCUMENTATION_COMMENTS = YES;
				CLANG_WARN_EMPTY_BODY = YES;
				CLANG_WARN_ENUM_CONVERSION = YES;
				CLANG_WARN_INFINITE_RECURSION = YES;
				CLANG_WARN_INT_CONVERSION = YES;
				CLANG_WARN_NON_LITERAL_NULL_CONVERSION = YES;
				CLANG_WARN_OBJC_IMPLICIT_RETAIN_SELF = YES;
				CLANG_WARN_OBJC_LITERAL_CONVERSION = YES;
				CLANG_WARN_OBJC_ROOT_CLASS = YES_ERROR;
				CLANG_WARN_QUOTED_INCLUDE_IN_FRAMEWORK_HEADER = YES;
				CLANG_WARN_RANGE_LOOP_ANALYSIS = YES;
				CLANG_WARN_STRICT_PROTOTYPES = YES;
				CLANG_WARN_SUSPICIOUS_MOVE = YES;
				CLANG_WARN_UNGUARDED_AVAILABILITY = YES_AGGRESSIVE;
				CLANG_WARN_UNREACHABLE_CODE = YES;
				CLANG_WARN__DUPLICATE_METHOD_MATCH = YES;
				COPY_PHASE_STRIP = NO;
				DEBUG_INFORMATION_FORMAT = "dwarf-with-dsym";
				ENABLE_NS_ASSERTIONS = NO;
				ENABLE_STRICT_OBJC_MSGSEND = YES;
				GCC_C_LANGUAGE_STANDARD = gnu11;
				GCC_NO_COMMON_BLOCKS = YES;
				GCC_WARN_64_TO_32_BIT_CONVERSION = YES;
				GCC_WARN_ABOUT_RETURN_TYPE = YES_ERROR;
				GCC_WARN_UNDECLARED_SELECTOR = YES;
				GCC_WARN_UNINITIALIZED_AUTOS = YES_AGGRESSIVE;
				GCC_WARN_UNUSED_FUNCTION = YES;
				GCC_WARN_UNUSED_VARIABLE = YES;
				IPHONEOS_DEPLOYMENT_TARGET = 14.5;
				MTL_ENABLE_DEBUG_INFO = NO;
				MTL_FAST_MATH = YES;
				SDKROOT = iphoneos;
				SWIFT_COMPILATION_MODE = wholemodule;
				SWIFT_OPTIMIZATION_LEVEL = "-O";
				VALIDATE_PRODUCT = YES;
			};
			name = Release;
		};
		2431B9E226B80EFB00EB3F4A /* Debug */ = {
			isa = XCBuildConfiguration;
			buildSettings = {
				ASSETCATALOG_COMPILER_APPICON_NAME = AppIcon;
				ASSETCATALOG_COMPILER_GLOBAL_ACCENT_COLOR_NAME = AccentColor;
				CODE_SIGN_STYLE = Automatic;
				DEVELOPMENT_ASSET_PATHS = "\"Scrumdinger/Preview Content\"";
				DEVELOPMENT_TEAM = TVCQT4989N;
				ENABLE_PREVIEWS = YES;
				INFOPLIST_FILE = Scrumdinger/Info.plist;
				IPHONEOS_DEPLOYMENT_TARGET = 14.0;
				LD_RUNPATH_SEARCH_PATHS = (
					"$(inherited)",
					"@executable_path/Frameworks",
				);
				PRODUCT_BUNDLE_IDENTIFIER = com.zhanglei.Scrumdinger;
				PRODUCT_NAME = "$(TARGET_NAME)";
				SWIFT_VERSION = 5.0;
				TARGETED_DEVICE_FAMILY = "1,2";
			};
			name = Debug;
		};
		2431B9E326B80EFB00EB3F4A /* Release */ = {
			isa = XCBuildConfiguration;
			buildSettings = {
				ASSETCATALOG_COMPILER_APPICON_NAME = AppIcon;
				ASSETCATALOG_COMPILER_GLOBAL_ACCENT_COLOR_NAME = AccentColor;
				CODE_SIGN_STYLE = Automatic;
				DEVELOPMENT_ASSET_PATHS = "\"Scrumdinger/Preview Content\"";
				DEVELOPMENT_TEAM = TVCQT4989N;
				ENABLE_PREVIEWS = YES;
				INFOPLIST_FILE = Scrumdinger/Info.plist;
				IPHONEOS_DEPLOYMENT_TARGET = 14.0;
				LD_RUNPATH_SEARCH_PATHS = (
					"$(inherited)",
					"@executable_path/Frameworks",
				);
				PRODUCT_BUNDLE_IDENTIFIER = com.zhanglei.Scrumdinger;
				PRODUCT_NAME = "$(TARGET_NAME)";
				SWIFT_VERSION = 5.0;
				TARGETED_DEVICE_FAMILY = "1,2";
			};
			name = Release;
		};
/* End XCBuildConfiguration section */

/* Begin XCConfigurationList section */
		2431B9CD26B80EF800EB3F4A /* Build configuration list for PBXProject "Scrumdinger" */ = {
			isa = XCConfigurationList;
			buildConfigurations = (
				2431B9DF26B80EFB00EB3F4A /* Debug */,
				2431B9E026B80EFB00EB3F4A /* Release */,
			);
			defaultConfigurationIsVisible = 0;
			defaultConfigurationName = Release;
		};
		2431B9E126B80EFB00EB3F4A /* Build configuration list for PBXNativeTarget "Scrumdinger" */ = {
			isa = XCConfigurationList;
			buildConfigurations = (
				2431B9E226B80EFB00EB3F4A /* Debug */,
				2431B9E326B80EFB00EB3F4A /* Release */,
			);
			defaultConfigurationIsVisible = 0;
			defaultConfigurationName = Release;
		};
/* End XCConfigurationList section */
	};
	rootObject = 2431B9CA26B80EF800EB3F4A /* Project object */;
}
